{
  "originHash" : "cd576b2fbcdd9c47013c398a86dae20c239c0b1b6d379684082397b79d083be9",
  "pins" : [
    {
      "identity" : "entitlement-kit-swift",
      "kind" : "remoteSourceControl",
      "location" : "https://github.com/prithvi-bommu/entitlement-kit-swift.git",
      "state" : {
        "revision" : "33ae3c63cdeacd39ca87a8c82ce911d74b1af2ac",
        "version" : "0.2.0"
      }
    },
    {
      "identity" : "purchases-ios",
      "kind" : "remoteSourceControl",
      "location" : "https://github.com/RevenueCat/purchases-ios.git",
      "state" : {
        "revision" : "5d24ed423830598cf28e3f69d9392464c4c023c5",
        "version" : "5.83.2"
      }
    },
    {
      "identity" : "sparkle",
      "kind" : "remoteSourceControl",
      "location" : "https://github.com/sparkle-project/Sparkle.git",
      "state" : {
        "revision" : "79bc9e872948e47877e76f194cb0c8e0412b0b90",
        "version" : "2.9.5"
      }
    },
    {
      "identity" : "swift-argument-parser",
      "kind" : "remoteSourceControl",
      "location" : "https://github.com/apple/swift-argument-parser.git",
      "state" : {
        "revision" : "6a52f3251125d74daf04fcbd5e6f08a75d074382",
        "version" : "1.8.2"
      }
    },
    {
      "identity" : "whisperkit",
      "kind" : "remoteSourceControl",
      "location" : "https://github.com/argmaxinc/WhisperKit.git",
      "state" : {
        "revision" : "25c62997041c134b03ca82731ce2f6fd2cae1eb9",
        "version" : "1.0.0"
      }
    }
  ],
  "version" : 3
}
